
Microsoft Visual Studio Solution File, Format Version 12.00
# Visual Studio Version 17
VisualStudioVersion = 17.0.31903.59
MinimumVisualStudioVersion = 10.0.40219.1
Project("{2150E333-8FDC-42A3-9474-1A3956D46DE8}") = "Basic", "Basic", "{C6A6A595-43EC-5C54-28CE-0A4B4C789262}"
EndProject
Project("{FAE04EC0-301F-11D3-BF4B-00C04F79EFBC}") = "EcommerceAPI.Domain", "Basic\EcommerceAPI.Domain\EcommerceAPI.Domain.csproj", "{FADBEBF2-CDD5-4F6F-9C31-0DC33B4AD162}"
EndProject
Project("{FAE04EC0-301F-11D3-BF4B-00C04F79EFBC}") = "EcommerceAPI.Application", "Basic\EcommerceAPI.Application\EcommerceAPI.Application.csproj", "{31851E36-0DA4-46D3-92ED-B632BE7AEBE4}"
EndProject
Project("{FAE04EC0-301F-11D3-BF4B-00C04F79EFBC}") = "EcommerceAPI.Infrastructure", "Basic\EcommerceAPI.Infrastructure\EcommerceAPI.Infrastructure.csproj", "{34F971D2-6D3F-45E9-B860-95B1A900E1C2}"
EndProject
Project("{FAE04EC0-301F-11D3-BF4B-00C04F79EFBC}") = "EcommerceAPI.WebAPI", "Basic\EcommerceAPI.WebAPI\EcommerceAPI.WebAPI.csproj", "{C5EA0AAF-D245-4955-9DB3-88A31DA54E38}"
EndProject
Project("{2150E333-8FDC-42A3-9474-1A3956D46DE8}") = "Optimized", "Optimized", "{7C28F728-FB7B-B3E2-251C-DE8E524AA9F1}"
	ProjectSection(SolutionItems) = preProject
		RemoveVSCode.ps1 = RemoveVSCode.ps1
	EndProjectSection
EndProject
Project("{FAE04EC0-301F-11D3-BF4B-00C04F79EFBC}") = "EcommerceAPI.Domain", "Optimized\EcommerceAPI.Domain\EcommerceAPI.Domain.csproj", "{AD768B8E-DBB3-48B6-B44B-8AB8117B8814}"
EndProject
Project("{FAE04EC0-301F-11D3-BF4B-00C04F79EFBC}") = "EcommerceAPI.Application", "Optimized\EcommerceAPI.Application\EcommerceAPI.Application.csproj", "{F627AA99-3881-479D-B3A1-AD3F61DC8C31}"
EndProject
Project("{FAE04EC0-301F-11D3-BF4B-00C04F79EFBC}") = "EcommerceAPI.Infrastructure", "Optimized\EcommerceAPI.Infrastructure\EcommerceAPI.Infrastructure.csproj", "{82B5A3FA-45FF-4D64-8282-537B6EA9BF9D}"
EndProject
Project("{FAE04EC0-301F-11D3-BF4B-00C04F79EFBC}") = "EcommerceAPI.WebAPI", "Optimized\EcommerceAPI.WebAPI\EcommerceAPI.WebAPI.csproj", "{5880DF41-4027-41AB-AAF7-EC7BB09B80BF}"
EndProject
Global
	GlobalSection(SolutionConfigurationPlatforms) = preSolution
		Debug|Any CPU = Debug|Any CPU
		Debug|x64 = Debug|x64
		Debug|x86 = Debug|x86
		Release|Any CPU = Release|Any CPU
		Release|x64 = Release|x64
		Release|x86 = Release|x86
	EndGlobalSection
	GlobalSection(ProjectConfigurationPlatforms) = postSolution
		{FADBEBF2-CDD5-4F6F-9C31-0DC33B4AD162}.Debug|Any CPU.ActiveCfg = Debug|Any CPU
		{FADBEBF2-CDD5-4F6F-9C31-0DC33B4AD162}.Debug|Any CPU.Build.0 = Debug|Any CPU
		{FADBEBF2-CDD5-4F6F-9C31-0DC33B4AD162}.Debug|x64.ActiveCfg = Debug|Any CPU
		{FADBEBF2-CDD5-4F6F-9C31-0DC33B4AD162}.Debug|x64.Build.0 = Debug|Any CPU
		{FADBEBF2-CDD5-4F6F-9C31-0DC33B4AD162}.Debug|x86.ActiveCfg = Debug|Any CPU
		{FADBEBF2-CDD5-4F6F-9C31-0DC33B4AD162}.Debug|x86.Build.0 = Debug|Any CPU
		{FADBEBF2-CDD5-4F6F-9C31-0DC33B4AD162}.Release|Any CPU.ActiveCfg = Release|Any CPU
		{FADBEBF2-CDD5-4F6F-9C31-0DC33B4AD162}.Release|Any CPU.Build.0 = Release|Any CPU
		{FADBEBF2-CDD5-4F6F-9C31-0DC33B4AD162}.Release|x64.ActiveCfg = Release|Any CPU
		{FADBEBF2-CDD5-4F6F-9C31-0DC33B4AD162}.Release|x64.Build.0 = Release|Any CPU
		{FADBEBF2-CDD5-4F6F-9C31-0DC33B4AD162}.Release|x86.ActiveCfg = Release|Any CPU
		{FADBEBF2-CDD5-4F6F-9C31-0DC33B4AD162}.Release|x86.Build.0 = Release|Any CPU
		{31851E36-0DA4-46D3-92ED-B632BE7AEBE4}.Debug|Any CPU.ActiveCfg = Debug|Any CPU
		{31851E36-0DA4-46D3-92ED-B632BE7AEBE4}.Debug|Any CPU.Build.0 = Debug|Any CPU
		{31851E36-0DA4-46D3-92ED-B632BE7AEBE4}.Debug|x64.ActiveCfg = Debug|Any CPU
		{31851E36-0DA4-46D3-92ED-B632BE7AEBE4}.Debug|x64.Build.0 = Debug|Any CPU
		{31851E36-0DA4-46D3-92ED-B632BE7AEBE4}.Debug|x86.ActiveCfg = Debug|Any CPU
		{31851E36-0DA4-46D3-92ED-B632BE7AEBE4}.Debug|x86.Build.0 = Debug|Any CPU
		{31851E36-0DA4-46D3-92ED-B632BE7AEBE4}.Release|Any CPU.ActiveCfg = Release|Any CPU
		{31851E36-0DA4-46D3-92ED-B632BE7AEBE4}.Release|Any CPU.Build.0 = Release|Any CPU
		{31851E36-0DA4-46D3-92ED-B632BE7AEBE4}.Release|x64.ActiveCfg = Release|Any CPU
		{31851E36-0DA4-46D3-92ED-B632BE7AEBE4}.Release|x64.Build.0 = Release|Any CPU
		{31851E36-0DA4-46D3-92ED-B632BE7AEBE4}.Release|x86.ActiveCfg = Release|Any CPU
		{31851E36-0DA4-46D3-92ED-B632BE7AEBE4}.Release|x86.Build.0 = Release|Any CPU
		{34F971D2-6D3F-45E9-B860-95B1A900E1C2}.Debug|Any CPU.ActiveCfg = Debug|Any CPU
		{34F971D2-6D3F-45E9-B860-95B1A900E1C2}.Debug|Any CPU.Build.0 = Debug|Any CPU
		{34F971D2-6D3F-45E9-B860-95B1A900E1C2}.Debug|x64.ActiveCfg = Debug|Any CPU
		{34F971D2-6D3F-45E9-B860-95B1A900E1C2}.Debug|x64.Build.0 = Debug|Any CPU
		{34F971D2-6D3F-45E9-B860-95B1A900E1C2}.Debug|x86.ActiveCfg = Debug|Any CPU
		{34F971D2-6D3F-45E9-B860-95B1A900E1C2}.Debug|x86.Build.0 = Debug|Any CPU
		{34F971D2-6D3F-45E9-B860-95B1A900E1C2}.Release|Any CPU.ActiveCfg = Release|Any CPU
		{34F971D2-6D3F-45E9-B860-95B1A900E1C2}.Release|Any CPU.Build.0 = Release|Any CPU
		{34F971D2-6D3F-45E9-B860-95B1A900E1C2}.Release|x64.ActiveCfg = Release|Any CPU
		{34F971D2-6D3F-45E9-B860-95B1A900E1C2}.Release|x64.Build.0 = Release|Any CPU
		{34F971D2-6D3F-45E9-B860-95B1A900E1C2}.Release|x86.ActiveCfg = Release|Any CPU
		{34F971D2-6D3F-45E9-B860-95B1A900E1C2}.Release|x86.Build.0 = Release|Any CPU
		{C5EA0AAF-D245-4955-9DB3-88A31DA54E38}.Debug|Any CPU.ActiveCfg = Debug|Any CPU
		{C5EA0AAF-D245-4955-9DB3-88A31DA54E38}.Debug|Any CPU.Build.0 = Debug|Any CPU
		{C5EA0AAF-D245-4955-9DB3-88A31DA54E38}.Debug|x64.ActiveCfg = Debug|Any CPU
		{C5EA0AAF-D245-4955-9DB3-88A31DA54E38}.Debug|x64.Build.0 = Debug|Any CPU
		{C5EA0AAF-D245-4955-9DB3-88A31DA54E38}.Debug|x86.ActiveCfg = Debug|Any CPU
		{C5EA0AAF-D245-4955-9DB3-88A31DA54E38}.Debug|x86.Build.0 = Debug|Any CPU
		{C5EA0AAF-D245-4955-9DB3-88A31DA54E38}.Release|Any CPU.ActiveCfg = Release|Any CPU
		{C5EA0AAF-D245-4955-9DB3-88A31DA54E38}.Release|Any CPU.Build.0 = Release|Any CPU
		{C5EA0AAF-D245-4955-9DB3-88A31DA54E38}.Release|x64.ActiveCfg = Release|Any CPU
		{C5EA0AAF-D245-4955-9DB3-88A31DA54E38}.Release|x64.Build.0 = Release|Any CPU
		{C5EA0AAF-D245-4955-9DB3-88A31DA54E38}.Release|x86.ActiveCfg = Release|Any CPU
		{C5EA0AAF-D245-4955-9DB3-88A31DA54E38}.Release|x86.Build.0 = Release|Any CPU
		{AD768B8E-DBB3-48B6-B44B-8AB8117B8814}.Debug|Any CPU.ActiveCfg = Debug|Any CPU
		{AD768B8E-DBB3-48B6-B44B-8AB8117B8814}.Debug|Any CPU.Build.0 = Debug|Any CPU
		{AD768B8E-DBB3-48B6-B44B-8AB8117B8814}.Debug|x64.ActiveCfg = Debug|Any CPU
		{AD768B8E-DBB3-48B6-B44B-8AB8117B8814}.Debug|x64.Build.0 = Debug|Any CPU
		{AD768B8E-DBB3-48B6-B44B-8AB8117B8814}.Debug|x86.ActiveCfg = Debug|Any CPU
		{AD768B8E-DBB3-48B6-B44B-8AB8117B8814}.Debug|x86.Build.0 = Debug|Any CPU
		{AD768B8E-DBB3-48B6-B44B-8AB8117B8814}.Release|Any CPU.ActiveCfg = Release|Any CPU
		{AD768B8E-DBB3-48B6-B44B-8AB8117B8814}.Release|Any CPU.Build.0 = Release|Any CPU
		{AD768B8E-DBB3-48B6-B44B-8AB8117B8814}.Release|x64.ActiveCfg = Release|Any CPU
		{AD768B8E-DBB3-48B6-B44B-8AB8117B8814}.Release|x64.Build.0 = Release|Any CPU
		{AD768B8E-DBB3-48B6-B44B-8AB8117B8814}.Release|x86.ActiveCfg = Release|Any CPU
		{AD768B8E-DBB3-48B6-B44B-8AB8117B8814}.Release|x86.Build.0 = Release|Any CPU
		{F627AA99-3881-479D-B3A1-AD3F61DC8C31}.Debug|Any CPU.ActiveCfg = Debug|Any CPU
		{F627AA99-3881-479D-B3A1-AD3F61DC8C31}.Debug|Any CPU.Build.0 = Debug|Any CPU
		{F627AA99-3881-479D-B3A1-AD3F61DC8C31}.Debug|x64.ActiveCfg = Debug|Any CPU
		{F627AA99-3881-479D-B3A1-AD3F61DC8C31}.Debug|x64.Build.0 = Debug|Any CPU
		{F627AA99-3881-479D-B3A1-AD3F61DC8C31}.Debug|x86.ActiveCfg = Debug|Any CPU
		{F627AA99-3881-479D-B3A1-AD3F61DC8C31}.Debug|x86.Build.0 = Debug|Any CPU
		{F627AA99-3881-479D-B3A1-AD3F61DC8C31}.Release|Any CPU.ActiveCfg = Release|Any CPU
		{F627AA99-3881-479D-B3A1-AD3F61DC8C31}.Release|Any CPU.Build.0 = Release|Any CPU
		{F627AA99-3881-479D-B3A1-AD3F61DC8C31}.Release|x64.ActiveCfg = Release|Any CPU
		{F627AA99-3881-479D-B3A1-AD3F61DC8C31}.Release|x64.Build.0 = Release|Any CPU
		{F627AA99-3881-479D-B3A1-AD3F61DC8C31}.Release|x86.ActiveCfg = Release|Any CPU
		{F627AA99-3881-479D-B3A1-AD3F61DC8C31}.Release|x86.Build.0 = Release|Any CPU
		{82B5A3FA-45FF-4D64-8282-537B6EA9BF9D}.Debug|Any CPU.ActiveCfg = Debug|Any CPU
		{82B5A3FA-45FF-4D64-8282-537B6EA9BF9D}.Debug|Any CPU.Build.0 = Debug|Any CPU
		{82B5A3FA-45FF-4D64-8282-537B6EA9BF9D}.Debug|x64.ActiveCfg = Debug|Any CPU
		{82B5A3FA-45FF-4D64-8282-537B6EA9BF9D}.Debug|x64.Build.0 = Debug|Any CPU
		{82B5A3FA-45FF-4D64-8282-537B6EA9BF9D}.Debug|x86.ActiveCfg = Debug|Any CPU
		{82B5A3FA-45FF-4D64-8282-537B6EA9BF9D}.Debug|x86.Build.0 = Debug|Any CPU
		{82B5A3FA-45FF-4D64-8282-537B6EA9BF9D}.Release|Any CPU.ActiveCfg = Release|Any CPU
		{82B5A3FA-45FF-4D64-8282-537B6EA9BF9D}.Release|Any CPU.Build.0 = Release|Any CPU
		{82B5A3FA-45FF-4D64-8282-537B6EA9BF9D}.Release|x64.ActiveCfg = Release|Any CPU
		{82B5A3FA-45FF-4D64-8282-537B6EA9BF9D}.Release|x64.Build.0 = Release|Any CPU
		{82B5A3FA-45FF-4D64-8282-537B6EA9BF9D}.Release|x86.ActiveCfg = Release|Any CPU
		{82B5A3FA-45FF-4D64-8282-537B6EA9BF9D}.Release|x86.Build.0 = Release|Any CPU
		{5880DF41-4027-41AB-AAF7-EC7BB09B80BF}.Debug|Any CPU.ActiveCfg = Debug|Any CPU
		{5880DF41-4027-41AB-AAF7-EC7BB09B80BF}.Debug|Any CPU.Build.0 = Debug|Any CPU
		{5880DF41-4027-41AB-AAF7-EC7BB09B80BF}.Debug|x64.ActiveCfg = Debug|Any CPU
		{5880DF41-4027-41AB-AAF7-EC7BB09B80BF}.Debug|x64.Build.0 = Debug|Any CPU
		{5880DF41-4027-41AB-AAF7-EC7BB09B80BF}.Debug|x86.ActiveCfg = Debug|Any CPU
		{5880DF41-4027-41AB-AAF7-EC7BB09B80BF}.Debug|x86.Build.0 = Debug|Any CPU
		{5880DF41-4027-41AB-AAF7-EC7BB09B80BF}.Release|Any CPU.ActiveCfg = Release|Any CPU
		{5880DF41-4027-41AB-AAF7-EC7BB09B80BF}.Release|Any CPU.Build.0 = Release|Any CPU
		{5880DF41-4027-41AB-AAF7-EC7BB09B80BF}.Release|x64.ActiveCfg = Release|Any CPU
		{5880DF41-4027-41AB-AAF7-EC7BB09B80BF}.Release|x64.Build.0 = Release|Any CPU
		{5880DF41-4027-41AB-AAF7-EC7BB09B80BF}.Release|x86.ActiveCfg = Release|Any CPU
		{5880DF41-4027-41AB-AAF7-EC7BB09B80BF}.Release|x86.Build.0 = Release|Any CPU
	EndGlobalSection
	GlobalSection(SolutionProperties) = preSolution
		HideSolutionNode = FALSE
	EndGlobalSection
	GlobalSection(NestedProjects) = preSolution
		{FADBEBF2-CDD5-4F6F-9C31-0DC33B4AD162} = {C6A6A595-43EC-5C54-28CE-0A4B4C789262}
		{31851E36-0DA4-46D3-92ED-B632BE7AEBE4} = {C6A6A595-43EC-5C54-28CE-0A4B4C789262}
		{34F971D2-6D3F-45E9-B860-95B1A900E1C2} = {C6A6A595-43EC-5C54-28CE-0A4B4C789262}
		{C5EA0AAF-D245-4955-9DB3-88A31DA54E38} = {C6A6A595-43EC-5C54-28CE-0A4B4C789262}
		{AD768B8E-DBB3-48B6-B44B-8AB8117B8814} = {7C28F728-FB7B-B3E2-251C-DE8E524AA9F1}
		{F627AA99-3881-479D-B3A1-AD3F61DC8C31} = {7C28F728-FB7B-B3E2-251C-DE8E524AA9F1}
		{82B5A3FA-45FF-4D64-8282-537B6EA9BF9D} = {7C28F728-FB7B-B3E2-251C-DE8E524AA9F1}
		{5880DF41-4027-41AB-AAF7-EC7BB09B80BF} = {7C28F728-FB7B-B3E2-251C-DE8E524AA9F1}
	EndGlobalSection
	GlobalSection(ExtensibilityGlobals) = postSolution
		SolutionGuid = {CF1B6C28-D41D-4B3A-BB9A-C192357800D5}
	EndGlobalSection
EndGlobal
